# THIS IS AN AUTOGENERATED FILE. DO NOT EDIT THIS FILE DIRECTLY.
# yarn lockfile v1


"@xylink/xy-mp-sdk@^3.8.0-beta.22":
  version "3.8.0-beta.22"
  resolved "https://registry.yarnpkg.com/@xylink/xy-mp-sdk/-/xy-mp-sdk-3.8.0-beta.22.tgz#d5d21f0fc3334d62cfcf228f10cef1999abe8413"
  integrity sha512-1wP1ZO9jk39nhb8Oo/i7UhBEAhQH3iujzRNlU8E7bewUpxlsRue8VwOeHnoTnc9OIxR7QB4cIfQv/jZQM9XmrQ==
