# THIS IS AN AUTOGENERATED FILE. DO NOT EDIT THIS FILE DIRECTLY.
# yarn lockfile v1


"@xylink/xy-mp-sdk@3.8.6":
  version "3.8.6"
  resolved "https://registry.npmjs.org/@xylink/xy-mp-sdk/-/xy-mp-sdk-3.8.6.tgz#d747786bb63f1be0fd79a9cce83ba33dd9bf8e8d"
  integrity sha512-HaZUd/k56Rh5L/CMrUji5lFL5klfmAEm5mAUuUgex3/IF2ll6lbrEYruCeljDH4SuFW3rHOudGhz86R9pO/5JQ==
